// !$*UTF8*$!
{
	archiveVersion = 1;
	classes = {
	};
	objectVersion = 46;
	objects = {

/* Begin PBXBuildFile section */
		2C57A849F5624C3F73B1ED3B /* libPods-MapClusters.a in Frameworks */ = {isa = PBXBuildFile; fileRef = 0B39FE739E793CA4DB02A4BA /* libPods-MapClusters.a */; };
		3701618F1C131DC400FF4703 /* MapClusters.m in Sources */ = {isa = PBXBuildFile; fileRef = 3701618E1C131DC400FF4703 /* MapClusters.m */; };
		370161921C131DC400FF4703 /* MapVC.m in Sources */ = {isa = PBXBuildFile; fileRef = 370161911C131DC400FF4703 /* MapVC.m */; };
		370161941C131DC400FF4703 /* Assets.xcassets in Resources */ = {isa = PBXBuildFile; fileRef = 370161931C131DC400FF4703 /* Assets.xcassets */; };
		370161971C131DC400FF4703 /* Main.storyboard in Resources */ = {isa = PBXBuildFile; fileRef = 370161951C131DC400FF4703 /* Main.storyboard */; };
		37A9A39E1C182B420079499A /* MapKit.framework in Frameworks */ = {isa = PBXBuildFile; fileRef = 37A9A39D1C182B420079499A /* MapKit.framework */; };
		37A9A3B21C18304A0079499A /* Station.m in Sources */ = {isa = PBXBuildFile; fileRef = 37A9A3AC1C18304A0079499A /* Station.m */; };
		37A9A3B31C18304A0079499A /* stations.csv in Resources */ = {isa = PBXBuildFile; fileRef = 37A9A3AD1C18304A0079499A /* stations.csv */; };
		37A9A3B41C18304A0079499A /* StationsImporter.m in Sources */ = {isa = PBXBuildFile; fileRef = 37A9A3AF1C18304A0079499A /* StationsImporter.m */; };
		37A9A3B51C18304A0079499A /* StationsStore.m in Sources */ = {isa = PBXBuildFile; fileRef = 37A9A3B11C18304A0079499A /* StationsStore.m */; };
/* End PBXBuildFile section */

/* Begin PBXFileReference section */
		0B39FE739E793CA4DB02A4BA /* libPods-MapClusters.a */ = {isa = PBXFileReference; explicitFileType = archive.ar; includeInIndex = 0; path = "libPods-MapClusters.a"; sourceTree = BUILT_PRODUCTS_DIR; };
		28CF53D1EC1D32B232B0BEAD /* Pods-MapClusters.release.xcconfig */ = {isa = PBXFileReference; includeInIndex = 1; lastKnownFileType = text.xcconfig; name = "Pods-MapClusters.release.xcconfig"; path = "Pods/Target Support Files/Pods-MapClusters/Pods-MapClusters.release.xcconfig"; sourceTree = "<group>"; };
		370161871C131DC400FF4703 /* MapClusters.app */ = {isa = PBXFileReference; explicitFileType = wrapper.application; includeInIndex = 0; path = MapClusters.app; sourceTree = BUILT_PRODUCTS_DIR; };
		3701618E1C131DC400FF4703 /* MapClusters.m */ = {isa = PBXFileReference; lastKnownFileType = sourcecode.c.objc; name = MapClusters.m; path = MapClusters/MapClusters.m; sourceTree = "<group>"; };
		370161901C131DC400FF4703 /* MapVC.h */ = {isa = PBXFileReference; lastKnownFileType = sourcecode.c.h; name = MapVC.h; path = MapClusters/MapVC.h; sourceTree = "<group>"; };
		370161911C131DC400FF4703 /* MapVC.m */ = {isa = PBXFileReference; lastKnownFileType = sourcecode.c.objc; name = MapVC.m; path = MapClusters/MapVC.m; sourceTree = "<group>"; };
		370161931C131DC400FF4703 /* Assets.xcassets */ = {isa = PBXFileReference; lastKnownFileType = folder.assetcatalog; name = Assets.xcassets; path = MapClusters/Assets.xcassets; sourceTree = "<group>"; };
		370161961C131DC400FF4703 /* Base */ = {isa = PBXFileReference; lastKnownFileType = file.storyboard; name = Base; path = Base.lproj/Main.storyboard; sourceTree = "<group>"; };
		370161981C131DC400FF4703 /* Info.plist */ = {isa = PBXFileReference; lastKnownFileType = text.plist.xml; name = Info.plist; path = MapClusters/Info.plist; sourceTree = "<group>"; };
		37A9A39D1C182B420079499A /* MapKit.framework */ = {isa = PBXFileReference; lastKnownFileType = wrapper.framework; name = MapKit.framework; path = System/Library/Frameworks/MapKit.framework; sourceTree = SDKROOT; };
		37A9A3AB1C18304A0079499A /* Station.h */ = {isa = PBXFileReference; fileEncoding = 4; lastKnownFileType = sourcecode.c.h; name = Station.h; path = MapClusters/Station.h; sourceTree = "<group>"; };
		37A9A3AC1C18304A0079499A /* Station.m */ = {isa = PBXFileReference; fileEncoding = 4; lastKnownFileType = sourcecode.c.objc; name = Station.m; path = MapClusters/Station.m; sourceTree = "<group>"; };
		37A9A3AD1C18304A0079499A /* stations.csv */ = {isa = PBXFileReference; fileEncoding = 4; lastKnownFileType = text; name = stations.csv; path = MapClusters/stations.csv; sourceTree = "<group>"; };
		37A9A3AE1C18304A0079499A /* StationsImporter.h */ = {isa = PBXFileReference; fileEncoding = 4; lastKnownFileType = sourcecode.c.h; name = StationsImporter.h; path = MapClusters/StationsImporter.h; sourceTree = "<group>"; };
		37A9A3AF1C18304A0079499A /* StationsImporter.m */ = {isa = PBXFileReference; fileEncoding = 4; lastKnownFileType = sourcecode.c.objc; name = StationsImporter.m; path = MapClusters/StationsImporter.m; sourceTree = "<group>"; };
		37A9A3B01C18304A0079499A /* StationsStore.h */ = {isa = PBXFileReference; fileEncoding = 4; lastKnownFileType = sourcecode.c.h; name = StationsStore.h; path = MapClusters/StationsStore.h; sourceTree = "<group>"; };
		37A9A3B11C18304A0079499A /* StationsStore.m */ = {isa = PBXFileReference; fileEncoding = 4; lastKnownFileType = sourcecode.c.objc; name = StationsStore.m; path = MapClusters/StationsStore.m; sourceTree = "<group>"; };
		BAAD361C78F6732CDC755D16 /* Pods-MapClusters.debug.xcconfig */ = {isa = PBXFileReference; includeInIndex = 1; lastKnownFileType = text.xcconfig; name = "Pods-MapClusters.debug.xcconfig"; path = "Pods/Target Support Files/Pods-MapClusters/Pods-MapClusters.debug.xcconfig"; sourceTree = "<group>"; };
/* End PBXFileReference section */

/* Begin PBXFrameworksBuildPhase section */
		370161841C131DC300FF4703 /* Frameworks */ = {
			isa = PBXFrameworksBuildPhase;
			buildActionMask = 2147483647;
			files = (
				37A9A39E1C182B420079499A /* MapKit.framework in Frameworks */,
				2C57A849F5624C3F73B1ED3B /* libPods-MapClusters.a in Frameworks */,
			);
			runOnlyForDeploymentPostprocessing = 0;
		};
/* End PBXFrameworksBuildPhase section */

/* Begin PBXGroup section */
		3701617E1C131DC300FF4703 = {
			isa = PBXGroup;
			children = (
				370161981C131DC400FF4703 /* Info.plist */,
				370161951C131DC400FF4703 /* Main.storyboard */,
				370161931C131DC400FF4703 /* Assets.xcassets */,
				3701618E1C131DC400FF4703 /* MapClusters.m */,
				370161901C131DC400FF4703 /* MapVC.h */,
				370161911C131DC400FF4703 /* MapVC.m */,
				37A9A39F1C182FB00079499A /* DataModel */,
				370161881C131DC400FF4703 /* Products */,
				E1D7D190BEF5D08F99B9F774 /* Pods */,
				82E9A2241DE9CF8B49B5446E /* Frameworks */,
			);
			sourceTree = "<group>";
		};
		370161881C131DC400FF4703 /* Products */ = {
			isa = PBXGroup;
			children = (
				370161871C131DC400FF4703 /* MapClusters.app */,
			);
			name = Products;
			sourceTree = "<group>";
		};
		37A9A39F1C182FB00079499A /* DataModel */ = {
			isa = PBXGroup;
			children = (
				37A9A3AB1C18304A0079499A /* Station.h */,
				37A9A3AC1C18304A0079499A /* Station.m */,
				37A9A3AD1C18304A0079499A /* stations.csv */,
				37A9A3AE1C18304A0079499A /* StationsImporter.h */,
				37A9A3AF1C18304A0079499A /* StationsImporter.m */,
				37A9A3B01C18304A0079499A /* StationsStore.h */,
				37A9A3B11C18304A0079499A /* StationsStore.m */,
			);
			name = DataModel;
			sourceTree = "<group>";
		};
		82E9A2241DE9CF8B49B5446E /* Frameworks */ = {
			isa = PBXGroup;
			children = (
				37A9A39D1C182B420079499A /* MapKit.framework */,
				0B39FE739E793CA4DB02A4BA /* libPods-MapClusters.a */,
			);
			name = Frameworks;
			sourceTree = "<group>";
		};
		E1D7D190BEF5D08F99B9F774 /* Pods */ = {
			isa = PBXGroup;
			children = (
				BAAD361C78F6732CDC755D16 /* Pods-MapClusters.debug.xcconfig */,
				28CF53D1EC1D32B232B0BEAD /* Pods-MapClusters.release.xcconfig */,
			);
			name = Pods;
			sourceTree = "<group>";
		};
/* End PBXGroup section */

/* Begin PBXNativeTarget section */
		370161861C131DC300FF4703 /* MapClusters */ = {
			isa = PBXNativeTarget;
			buildConfigurationList = 3701619B1C131DC400FF4703 /* Build configuration list for PBXNativeTarget "MapClusters" */;
			buildPhases = (
				2D8F75099573C494C231D27F /* Check Pods Manifest.lock */,
				370161831C131DC300FF4703 /* Sources */,
				370161841C131DC300FF4703 /* Frameworks */,
				370161851C131DC300FF4703 /* Resources */,
				7322BFCF6F67DC6C84AB6504 /* Copy Pods Resources */,
			);
			buildRules = (
			);
			dependencies = (
			);
			name = MapClusters;
			productName = MapClusters;
			productReference = 370161871C131DC400FF4703 /* MapClusters.app */;
			productType = "com.apple.product-type.application";
		};
/* End PBXNativeTarget section */

/* Begin PBXProject section */
		3701617F1C131DC300FF4703 /* Project object */ = {
			isa = PBXProject;
			attributes = {
				LastUpgradeCheck = 0710;
				ORGANIZATIONNAME = "Nicolas Bouilleaud";
				TargetAttributes = {
					370161861C131DC300FF4703 = {
						CreatedOnToolsVersion = 7.1;
					};
				};
			};
			buildConfigurationList = 370161821C131DC300FF4703 /* Build configuration list for PBXProject "MapClusters" */;
			compatibilityVersion = "Xcode 3.2";
			developmentRegion = English;
			hasScannedForEncodings = 0;
			knownRegions = (
				en,
				Base,
			);
			mainGroup = 3701617E1C131DC300FF4703;
			productRefGroup = 370161881C131DC400FF4703 /* Products */;
			projectDirPath = "";
			projectRoot = "";
			targets = (
				370161861C131DC300FF4703 /* MapClusters */,
			);
		};
/* End PBXProject section */

/* Begin PBXResourcesBuildPhase section */
		370161851C131DC300FF4703 /* Resources */ = {
			isa = PBXResourcesBuildPhase;
			buildActionMask = 2147483647;
			files = (
				37A9A3B31C18304A0079499A /* stations.csv in Resources */,
				370161941C131DC400FF4703 /* Assets.xcassets in Resources */,
				370161971C131DC400FF4703 /* Main.storyboard in Resources */,
			);
			runOnlyForDeploymentPostprocessing = 0;
		};
/* End PBXResourcesBuildPhase section */

/* Begin PBXShellScriptBuildPhase section */
		2D8F75099573C494C231D27F /* Check Pods Manifest.lock */ = {
			isa = PBXShellScriptBuildPhase;
			buildActionMask = 2147483647;
			files = (
			);
			inputPaths = (
			);
			name = "Check Pods Manifest.lock";
			outputPaths = (
			);
			runOnlyForDeploymentPostprocessing = 0;
			shellPath = /bin/sh;
			shellScript = "diff \"${PODS_ROOT}/../Podfile.lock\" \"${PODS_ROOT}/Manifest.lock\" > /dev/null\nif [[ $? != 0 ]] ; then\n    cat << EOM\nerror: The sandbox is not in sync with the Podfile.lock. Run 'pod install' or update your CocoaPods installation.\nEOM\n    exit 1\nfi\n";
			showEnvVarsInLog = 0;
		};
		7322BFCF6F67DC6C84AB6504 /* Copy Pods Resources */ = {
			isa = PBXShellScriptBuildPhase;
			buildActionMask = 2147483647;
			files = (
			);
			inputPaths = (
			);
			name = "Copy Pods Resources";
			outputPaths = (
			);
			runOnlyForDeploymentPostprocessing = 0;
			shellPath = /bin/sh;
			shellScript = "\"${SRCROOT}/Pods/Target Support Files/Pods-MapClusters/Pods-MapClusters-resources.sh\"\n";
			showEnvVarsInLog = 0;
		};
/* End PBXShellScriptBuildPhase section */

/* Begin PBXSourcesBuildPhase section */
		370161831C131DC300FF4703 /* Sources */ = {
			isa = PBXSourcesBuildPhase;
			buildActionMask = 2147483647;
			files = (
				37A9A3B41C18304A0079499A /* StationsImporter.m in Sources */,
				370161921C131DC400FF4703 /* MapVC.m in Sources */,
				3701618F1C131DC400FF4703 /* MapClusters.m in Sources */,
				37A9A3B51C18304A0079499A /* StationsStore.m in Sources */,
				37A9A3B21C18304A0079499A /* Station.m in Sources */,
			);
			runOnlyForDeploymentPostprocessing = 0;
		};
/* End PBXSourcesBuildPhase section */

/* Begin PBXVariantGroup section */
		370161951C131DC400FF4703 /* Main.storyboard */ = {
			isa = PBXVariantGroup;
			children = (
				370161961C131DC400FF4703 /* Base */,
			);
			name = Main.storyboard;
			path = MapClusters;
			sourceTree = "<group>";
		};
/* End PBXVariantGroup section */

/* Begin XCBuildConfiguration section */
		370161991C131DC400FF4703 /* Debug */ = {
			isa = XCBuildConfiguration;
			buildSettings = {
				ALWAYS_SEARCH_USER_PATHS = NO;
				CLANG_CXX_LANGUAGE_STANDARD = "gnu++0x";
				CLANG_CXX_LIBRARY = "libc++";
				CLANG_ENABLE_MODULES = YES;
				CLANG_ENABLE_OBJC_ARC = YES;
				CLANG_WARN_BOOL_CONVERSION = YES;
				CLANG_WARN_CONSTANT_CONVERSION = YES;
				CLANG_WARN_DIRECT_OBJC_ISA_USAGE = YES_ERROR;
				CLANG_WARN_EMPTY_BODY = YES;
				CLANG_WARN_ENUM_CONVERSION = YES;
				CLANG_WARN_INT_CONVERSION = YES;
				CLANG_WARN_OBJC_ROOT_CLASS = YES_ERROR;
				CLANG_WARN_UNREACHABLE_CODE = YES;
				CLANG_WARN__DUPLICATE_METHOD_MATCH = YES;
				CODE_SIGN_IDENTITY = "-";
				COPY_PHASE_STRIP = NO;
				DEBUG_INFORMATION_FORMAT = dwarf;
				ENABLE_STRICT_OBJC_MSGSEND = YES;
				ENABLE_TESTABILITY = YES;
				GCC_C_LANGUAGE_STANDARD = gnu99;
				GCC_DYNAMIC_NO_PIC = NO;
				GCC_NO_COMMON_BLOCKS = YES;
				GCC_OPTIMIZATION_LEVEL = 0;
				GCC_PREPROCESSOR_DEFINITIONS = (
					"DEBUG=1",
					"$(inherited)",
				);
				GCC_WARN_64_TO_32_BIT_CONVERSION = YES;
				GCC_WARN_ABOUT_RETURN_TYPE = YES_ERROR;
				GCC_WARN_UNDECLARED_SELECTOR = YES;
				GCC_WARN_UNINITIALIZED_AUTOS = YES_AGGRESSIVE;
				GCC_WARN_UNUSED_FUNCTION = YES;
				GCC_WARN_UNUSED_VARIABLE = YES;
				MACOSX_DEPLOYMENT_TARGET = 10.11;
				MTL_ENABLE_DEBUG_INFO = YES;
				ONLY_ACTIVE_ARCH = YES;
				SDKROOT = macosx;
			};
			name = Debug;
		};
		3701619A1C131DC400FF4703 /* Release */ = {
			isa = XCBuildConfiguration;
			buildSettings = {
				ALWAYS_SEARCH_USER_PATHS = NO;
				CLANG_CXX_LANGUAGE_STANDARD = "gnu++0x";
				CLANG_CXX_LIBRARY = "libc++";
				CLANG_ENABLE_MODULES = YES;
				CLANG_ENABLE_OBJC_ARC = YES;
				CLANG_WARN_BOOL_CONVERSION = YES;
				CLANG_WARN_CONSTANT_CONVERSION = YES;
				CLANG_WARN_DIRECT_OBJC_ISA_USAGE = YES_ERROR;
				CLANG_WARN_EMPTY_BODY = YES;
				CLANG_WARN_ENUM_CONVERSION = YES;
				CLANG_WARN_INT_CONVERSION = YES;
				CLANG_WARN_OBJC_ROOT_CLASS = YES_ERROR;
				CLANG_WARN_UNREACHABLE_CODE = YES;
				CLANG_WARN__DUPLICATE_METHOD_MATCH = YES;
				CODE_SIGN_IDENTITY = "-";
				COPY_PHASE_STRIP = NO;
				DEBUG_INFORMATION_FORMAT = "dwarf-with-dsym";
				ENABLE_NS_ASSERTIONS = NO;
				ENABLE_STRICT_OBJC_MSGSEND = YES;
				GCC_C_LANGUAGE_STANDARD = gnu99;
				GCC_NO_COMMON_BLOCKS = YES;
				GCC_WARN_64_TO_32_BIT_CONVERSION = YES;
				GCC_WARN_ABOUT_RETURN_TYPE = YES_ERROR;
				GCC_WARN_UNDECLARED_SELECTOR = YES;
				GCC_WARN_UNINITIALIZED_AUTOS = YES_AGGRESSIVE;
				GCC_WARN_UNUSED_FUNCTION = YES;
				GCC_WARN_UNUSED_VARIABLE = YES;
				MACOSX_DEPLOYMENT_TARGET = 10.11;
				MTL_ENABLE_DEBUG_INFO = NO;
				SDKROOT = macosx;
			};
			name = Release;
		};
		3701619C1C131DC400FF4703 /* Debug */ = {
			isa = XCBuildConfiguration;
			baseConfigurationReference = BAAD361C78F6732CDC755D16 /* Pods-MapClusters.debug.xcconfig */;
			buildSettings = {
				ASSETCATALOG_COMPILER_APPICON_NAME = AppIcon;
				COMBINE_HIDPI_IMAGES = YES;
				INFOPLIST_FILE = MapClusters/Info.plist;
				LD_RUNPATH_SEARCH_PATHS = "$(inherited) @executable_path/../Frameworks";
				PRODUCT_BUNDLE_IDENTIFIER = io.bou.MapClusters;
				PRODUCT_NAME = "$(TARGET_NAME)";
			};
			name = Debug;
		};
		3701619D1C131DC400FF4703 /* Release */ = {
			isa = XCBuildConfiguration;
			baseConfigurationReference = 28CF53D1EC1D32B232B0BEAD /* Pods-MapClusters.release.xcconfig */;
			buildSettings = {
				ASSETCATALOG_COMPILER_APPICON_NAME = AppIcon;
				COMBINE_HIDPI_IMAGES = YES;
				INFOPLIST_FILE = MapClusters/Info.plist;
				LD_RUNPATH_SEARCH_PATHS = "$(inherited) @executable_path/../Frameworks";
				PRODUCT_BUNDLE_IDENTIFIER = io.bou.MapClusters;
				PRODUCT_NAME = "$(TARGET_NAME)";
			};
			name = Release;
		};
/* End XCBuildConfiguration section */

/* Begin XCConfigurationList section */
		370161821C131DC300FF4703 /* Build configuration list for PBXProject "MapClusters" */ = {
			isa = XCConfigurationList;
			buildConfigurations = (
				370161991C131DC400FF4703 /* Debug */,
				3701619A1C131DC400FF4703 /* Release */,
			);
			defaultConfigurationIsVisible = 0;
			defaultConfigurationName = Release;
		};
		3701619B1C131DC400FF4703 /* Build configuration list for PBXNativeTarget "MapClusters" */ = {
			isa = XCConfigurationList;
			buildConfigurations = (
				3701619C1C131DC400FF4703 /* Debug */,
				3701619D1C131DC400FF4703 /* Release */,
			);
			defaultConfigurationIsVisible = 0;
			defaultConfigurationName = Release;
		};
/* End XCConfigurationList section */
	};
	rootObject = 3701617F1C131DC300FF4703 /* Project object */;
}
